
Microsoft Visual Studio Solution File, Format Version 12.00
# Visual Studio Version 16
VisualStudioVersion = 16.0.29424.173
MinimumVisualStudioVersion = 10.0.40219.1
Project("{FAE04EC0-301F-11D3-BF4B-00C04F79EFBC}") = "CSVEinlesen", "CSVEinlesen\CSVEinlesen.csproj", "{39523B23-3FEB-482E-9331-DC01E189656A}"
EndProject
Global
	GlobalSection(SolutionConfigurationPlatforms) = preSolution
		Debug|Any CPU = Debug|Any CPU
		Release|Any CPU = Release|Any CPU
	EndGlobalSection
	GlobalSection(ProjectConfigurationPlatforms) = postSolution
		{39523B23-3FEB-482E-9331-DC01E189656A}.Debug|Any CPU.ActiveCfg = Debug|Any CPU
		{39523B23-3FEB-482E-9331-DC01E189656A}.Debug|Any CPU.Build.0 = Debug|Any CPU
		{39523B23-3FEB-482E-9331-DC01E189656A}.Release|Any CPU.ActiveCfg = Release|Any CPU
		{39523B23-3FEB-482E-9331-DC01E189656A}.Release|Any CPU.Build.0 = Release|Any CPU
	EndGlobalSection
	GlobalSection(SolutionProperties) = preSolution
		HideSolutionNode = FALSE
	EndGlobalSection
	GlobalSection(ExtensibilityGlobals) = postSolution
		SolutionGuid = {5DA82818-6C11-4987-A4C8-2715743C3E5B}
	EndGlobalSection
EndGlobal
