
Microsoft Visual Studio Solution File, Format Version 12.00
# Visual Studio Version 16
VisualStudioVersion = 16.0.29424.173
MinimumVisualStudioVersion = 10.0.40219.1
Project("{FAE04EC0-301F-11D3-BF4B-00C04F79EFBC}") = "Validierung", "Validierung\Validierung.csproj", "{9315BD56-056F-4238-84F8-FF52603A0A1F}"
EndProject
Global
	GlobalSection(SolutionConfigurationPlatforms) = preSolution
		Debug|Any CPU = Debug|Any CPU
		Release|Any CPU = Release|Any CPU
	EndGlobalSection
	GlobalSection(ProjectConfigurationPlatforms) = postSolution
		{9315BD56-056F-4238-84F8-FF52603A0A1F}.Debug|Any CPU.ActiveCfg = Debug|Any CPU
		{9315BD56-056F-4238-84F8-FF52603A0A1F}.Debug|Any CPU.Build.0 = Debug|Any CPU
		{9315BD56-056F-4238-84F8-FF52603A0A1F}.Release|Any CPU.ActiveCfg = Release|Any CPU
		{9315BD56-056F-4238-84F8-FF52603A0A1F}.Release|Any CPU.Build.0 = Release|Any CPU
	EndGlobalSection
	GlobalSection(SolutionProperties) = preSolution
		HideSolutionNode = FALSE
	EndGlobalSection
	GlobalSection(ExtensibilityGlobals) = postSolution
		SolutionGuid = {CCBC2A99-B2CA-43C6-8BD2-8091429587B5}
	EndGlobalSection
EndGlobal
