
Microsoft Visual Studio Solution File, Format Version 12.00
# Visual Studio Version 16
VisualStudioVersion = 16.0.29424.173
MinimumVisualStudioVersion = 10.0.40219.1
Project("{FAE04EC0-301F-11D3-BF4B-00C04F79EFBC}") = "DarkmodeTaschenrechner", "DarkmodeTaschenrechner\DarkmodeTaschenrechner.csproj", "{3039A8BF-7BF7-4EEB-B42F-333BD735FA61}"
EndProject
Project("{FAE04EC0-301F-11D3-BF4B-00C04F79EFBC}") = "MeineRessourcen", "MeineRessourcen\MeineRessourcen.csproj", "{4C2BB5B9-0D07-4DAA-80E5-9CE6382D90F8}"
EndProject
Global
	GlobalSection(SolutionConfigurationPlatforms) = preSolution
		Debug|Any CPU = Debug|Any CPU
		Release|Any CPU = Release|Any CPU
	EndGlobalSection
	GlobalSection(ProjectConfigurationPlatforms) = postSolution
		{3039A8BF-7BF7-4EEB-B42F-333BD735FA61}.Debug|Any CPU.ActiveCfg = Debug|Any CPU
		{3039A8BF-7BF7-4EEB-B42F-333BD735FA61}.Debug|Any CPU.Build.0 = Debug|Any CPU
		{3039A8BF-7BF7-4EEB-B42F-333BD735FA61}.Release|Any CPU.ActiveCfg = Release|Any CPU
		{3039A8BF-7BF7-4EEB-B42F-333BD735FA61}.Release|Any CPU.Build.0 = Release|Any CPU
		{4C2BB5B9-0D07-4DAA-80E5-9CE6382D90F8}.Debug|Any CPU.ActiveCfg = Debug|Any CPU
		{4C2BB5B9-0D07-4DAA-80E5-9CE6382D90F8}.Debug|Any CPU.Build.0 = Debug|Any CPU
		{4C2BB5B9-0D07-4DAA-80E5-9CE6382D90F8}.Release|Any CPU.ActiveCfg = Release|Any CPU
		{4C2BB5B9-0D07-4DAA-80E5-9CE6382D90F8}.Release|Any CPU.Build.0 = Release|Any CPU
	EndGlobalSection
	GlobalSection(SolutionProperties) = preSolution
		HideSolutionNode = FALSE
	EndGlobalSection
	GlobalSection(ExtensibilityGlobals) = postSolution
		SolutionGuid = {519C929C-A4B7-4992-9E23-8B79598A1909}
	EndGlobalSection
EndGlobal
