
Microsoft Visual Studio Solution File, Format Version 12.00
# Visual Studio Version 16
VisualStudioVersion = 16.0.29424.173
MinimumVisualStudioVersion = 10.0.40219.1
Project("{FAE04EC0-301F-11D3-BF4B-00C04F79EFBC}") = "Lokalisierung", "Lokalisierung\Lokalisierung.csproj", "{AAB3A54B-20CB-4EC5-8984-E73A379195C6}"
EndProject
Global
	GlobalSection(SolutionConfigurationPlatforms) = preSolution
		Debug|Any CPU = Debug|Any CPU
		Release|Any CPU = Release|Any CPU
	EndGlobalSection
	GlobalSection(ProjectConfigurationPlatforms) = postSolution
		{AAB3A54B-20CB-4EC5-8984-E73A379195C6}.Debug|Any CPU.ActiveCfg = Debug|Any CPU
		{AAB3A54B-20CB-4EC5-8984-E73A379195C6}.Debug|Any CPU.Build.0 = Debug|Any CPU
		{AAB3A54B-20CB-4EC5-8984-E73A379195C6}.Release|Any CPU.ActiveCfg = Release|Any CPU
		{AAB3A54B-20CB-4EC5-8984-E73A379195C6}.Release|Any CPU.Build.0 = Release|Any CPU
	EndGlobalSection
	GlobalSection(SolutionProperties) = preSolution
		HideSolutionNode = FALSE
	EndGlobalSection
	GlobalSection(ExtensibilityGlobals) = postSolution
		SolutionGuid = {1114CFB7-2645-4FD4-B020-6EAECB11817C}
	EndGlobalSection
EndGlobal
