
Microsoft Visual Studio Solution File, Format Version 12.00
# Visual Studio Version 16
VisualStudioVersion = 16.0.29424.173
MinimumVisualStudioVersion = 10.0.40219.1
Project("{FAE04EC0-301F-11D3-BF4B-00C04F79EFBC}") = "Binding_Demo", "Binding_Demo\Binding_Demo.csproj", "{28CB6E09-7F96-45DA-BDFD-6BD85C979C65}"
EndProject
Global
	GlobalSection(SolutionConfigurationPlatforms) = preSolution
		Debug|Any CPU = Debug|Any CPU
		Release|Any CPU = Release|Any CPU
	EndGlobalSection
	GlobalSection(ProjectConfigurationPlatforms) = postSolution
		{28CB6E09-7F96-45DA-BDFD-6BD85C979C65}.Debug|Any CPU.ActiveCfg = Debug|Any CPU
		{28CB6E09-7F96-45DA-BDFD-6BD85C979C65}.Debug|Any CPU.Build.0 = Debug|Any CPU
		{28CB6E09-7F96-45DA-BDFD-6BD85C979C65}.Release|Any CPU.ActiveCfg = Release|Any CPU
		{28CB6E09-7F96-45DA-BDFD-6BD85C979C65}.Release|Any CPU.Build.0 = Release|Any CPU
	EndGlobalSection
	GlobalSection(SolutionProperties) = preSolution
		HideSolutionNode = FALSE
	EndGlobalSection
	GlobalSection(ExtensibilityGlobals) = postSolution
		SolutionGuid = {4C5CC754-254D-4F52-80F6-D00E56565DBB}
	EndGlobalSection
EndGlobal
