
Microsoft Visual Studio Solution File, Format Version 12.00
# Visual Studio Version 16
VisualStudioVersion = 16.0.29424.173
MinimumVisualStudioVersion = 10.0.40219.1
Project("{FAE04EC0-301F-11D3-BF4B-00C04F79EFBC}") = "EigeneControls", "EigeneControls\EigeneControls.csproj", "{DCD457D5-51D1-4FAB-B2AE-7AA8A8DB3430}"
EndProject
Global
	GlobalSection(SolutionConfigurationPlatforms) = preSolution
		Debug|Any CPU = Debug|Any CPU
		Release|Any CPU = Release|Any CPU
	EndGlobalSection
	GlobalSection(ProjectConfigurationPlatforms) = postSolution
		{DCD457D5-51D1-4FAB-B2AE-7AA8A8DB3430}.Debug|Any CPU.ActiveCfg = Debug|Any CPU
		{DCD457D5-51D1-4FAB-B2AE-7AA8A8DB3430}.Debug|Any CPU.Build.0 = Debug|Any CPU
		{DCD457D5-51D1-4FAB-B2AE-7AA8A8DB3430}.Release|Any CPU.ActiveCfg = Release|Any CPU
		{DCD457D5-51D1-4FAB-B2AE-7AA8A8DB3430}.Release|Any CPU.Build.0 = Release|Any CPU
	EndGlobalSection
	GlobalSection(SolutionProperties) = preSolution
		HideSolutionNode = FALSE
	EndGlobalSection
	GlobalSection(ExtensibilityGlobals) = postSolution
		SolutionGuid = {1D1640DE-992B-4850-84F3-7A9EC478DE79}
	EndGlobalSection
EndGlobal
